
Microsoft Visual Studio Solution File, Format Version 12.00
# Visual Studio 15
VisualStudioVersion = 15.0.28307.1778
MinimumVisualStudioVersion = 10.0.40219.1
Project("{159641D6-6404-4A2A-AE62-294DE0FE8301}") = "Data Mart 1", "Data Mart 1\Data Mart 1.dtproj", "{AB4854E1-B693-42E8-89D3-567250948923}"
EndProject
Global
	GlobalSection(SolutionConfigurationPlatforms) = preSolution
		Development|Default = Development|Default
	EndGlobalSection
	GlobalSection(ProjectConfigurationPlatforms) = postSolution
		{AB4854E1-B693-42E8-89D3-567250948923}.Development|Default.ActiveCfg = Development
		{AB4854E1-B693-42E8-89D3-567250948923}.Development|Default.Build.0 = Development
	EndGlobalSection
	GlobalSection(SolutionProperties) = preSolution
		HideSolutionNode = FALSE
	EndGlobalSection
	GlobalSection(ExtensibilityGlobals) = postSolution
		SolutionGuid = {236BACFC-3925-4837-B70D-A152810882DC}
	EndGlobalSection
EndGlobal
