
Microsoft Visual Studio Solution File, Format Version 12.00
# Visual Studio 15
VisualStudioVersion = 15.0.28307.1778
MinimumVisualStudioVersion = 10.0.40219.1
Project("{159641D6-6404-4A2A-AE62-294DE0FE8301}") = "CleansingArea", "Integration Services Project8\CleansingArea.dtproj", "{CAD9907B-C613-4BB3-8A9D-2C5A7EF5575A}"
EndProject
Global
	GlobalSection(SolutionConfigurationPlatforms) = preSolution
		Development|Default = Development|Default
	EndGlobalSection
	GlobalSection(ProjectConfigurationPlatforms) = postSolution
		{CAD9907B-C613-4BB3-8A9D-2C5A7EF5575A}.Development|Default.ActiveCfg = Development
		{CAD9907B-C613-4BB3-8A9D-2C5A7EF5575A}.Development|Default.Build.0 = Development
	EndGlobalSection
	GlobalSection(SolutionProperties) = preSolution
		HideSolutionNode = FALSE
	EndGlobalSection
	GlobalSection(ExtensibilityGlobals) = postSolution
		SolutionGuid = {EDC88C0C-ABA5-4773-822D-1492FAEA8E5E}
	EndGlobalSection
EndGlobal
